PackratFormat: 1.4
PackratVersion: 0.3.0.103
RVersion: 3.1.1
Repos: CRAN=http://cran.rstudio.com,
    BioCsoft=http://bioconductor.org/packages/2.14/bioc,
    BioCann=http://bioconductor.org/packages/2.14/data/annotation,
    BioCexp=http://bioconductor.org/packages/2.14/data/experiment,
    BioCextra=http://bioconductor.org/packages/2.14/extra

Package: abind
Source: CRAN
Version: 1.4-0
Hash: 5007322a6d081332d1d54b077a82bdf0

Package: BiocGenerics
Source: Bioconductor
Version: 0.10.0
Hash: b6c70fc618424d8147d06f1b97858ceb

Package: BiocInstaller
Source: Bioconductor
Version: 1.14.2
Hash: fb0ba2e5efc6072113945ede070cb4a3

Package: bitops
Source: CRAN
Version: 1.0-6
Hash: cb26464a8321628636b547518994c931

Package: colorspace
Source: CRAN
Version: 1.2-4
Hash: b775bd08a10f968fef582304b7c3ab9c

Package: Defaults
Source: CRAN
Version: 1.1-1
Hash: 0e04605cd2933beea2c04700ea69e220

Package: dichromat
Source: CRAN
Version: 2.0-0
Hash: 42be2136555fa4b6167605df56d8cd7c

Package: digest
Source: CRAN
Version: 0.6.4
Hash: e4bf0e79b15a352510aff0de905d31e2

Package: EBImage
Source: Bioconductor
Version: 4.6.0
Hash: b14d6ef17d93d21cda2318a86599f142
Requires: abind, BiocGenerics, jpeg, locfit, png, tiff

Package: evaluate
Source: CRAN
Version: 0.5.5
Hash: 20881970e590ee68de97a468694db7b0
Requires: stringr

Package: formatR
Source: CRAN
Version: 0.10
Hash: 20331f0a1a9c5f31541b34ecd9aed520

Package: Formula
Source: CRAN
Version: 1.1-2
Hash: 588ba867a46d199c04527dc7083a1f0b

Package: ggplot2
Source: CRAN
Version: 1.0.0
Hash: c8bff66238347472f08b6a35608539ff
Requires: digest, gtable, plyr, proto, reshape2, scales

Package: gtable
Source: CRAN
Version: 0.1.2
Hash: 0cf4a2b54c02b35dec7e74a8ebed12a0

Package: hexbin
Source: CRAN
Version: 1.26.3
Hash: 9c5baa59ae4174a9525c5c807265f4b2

Package: highr
Source: CRAN
Version: 0.3
Hash: 7c85a9b7d07a75e2d8ca74f9467fee21

Package: Hmisc
Source: CRAN
Version: 3.14-4
Hash: 5f8029a6a25b12ca0cf92924d928a791
Requires: Formula, latticeExtra

Package: jpeg
Source: CRAN
Version: 0.1-8
Hash: 2a96df07e30724f8bb773e4f78c634c6

Package: knitr
Source: CRAN
Version: 1.6
Hash: 0f6457facba94bccad17a7c67c2f4168
Requires: digest, evaluate, formatR, highr, markdown, stringr

Package: labeling
Source: CRAN
Version: 0.2
Hash: 25f63495dfb737e67bd75fc1eb58ff2c

Package: latticeExtra
Source: CRAN
Version: 0.6-26
Hash: 2c59a30bb9d9d4651b913b828dca2640
Requires: RColorBrewer

Package: locfit
Source: CRAN
Version: 1.5-9.1
Hash: f50f72e2b1a3ae02e591bceab01bcf27

Package: mapproj
Source: CRAN
Version: 1.2-2
Hash: 26b74cac98f12af52703765791824ea2
Requires: maps

Package: maps
Source: CRAN
Version: 2.3-7
Hash: 4c87e5e328a6125cbe661dff2189c864

Package: maptools
Source: CRAN
Version: 0.8-30
Hash: 103c8ad3262b5bc7280d620ed8302328
Requires: sp

Package: markdown
Source: CRAN
Version: 0.7
Hash: abb6bfa9a1fc3763de292018a22b7d98
Requires: mime

Package: mime
Source: CRAN
Version: 0.1.1
Hash: 28ee6ae37bab73846b0a6cc44e797069

Package: multcomp
Source: CRAN
Version: 1.3-4
Hash: 0ead2c81fdd973da5fad1af155442d50
Requires: mvtnorm, sandwich, TH.data

Package: munsell
Source: CRAN
Version: 0.4.2
Hash: fa8af6d040041439b249351e9d16ae9a
Requires: colorspace

Package: mvtnorm
Source: CRAN
Version: 1.0-0
Hash: 6ddfb0bff7855213c48351aa1e85f3de

Package: packrat
Source: github
Version: 0.3.0.103
Hash: 75655ed7d0d37d9aa77a0f22729d524a0cba6375
GithubRepo: packrat
GithubUsername: rstudio
GithubRef: master
GithubSha1: 75655ed7d0d37d9aa77a0f22729d524a0cba6375

Package: plyr
Source: CRAN
Version: 1.8.1
Hash: be21bad411e628f810a92212e17b5be7
Requires: Rcpp

Package: png
Source: CRAN
Version: 0.1-7
Hash: 7559dcd0a9f188351986d0494ec1516d

Package: proto
Source: CRAN
Version: 0.3-10
Hash: 668a9e87cedbdc5f56c396edf1bd2648

Package: quantmod
Source: CRAN
Version: 0.4-0
Hash: 09dc5727c68cb4cb4a625f72edfff91f
Requires: Defaults, TTR, xts, zoo

Package: quantreg
Source: CRAN
Version: 5.05
Hash: b747a8a729600804a034209edffd648e
Requires: SparseM

Package: rblocks
Source: github
Version: 0.1.1
Hash: a85e748390c17c752cc0ba961120d1e784fb1956
GithubRepo: rblocks
GithubUsername: ramnathv
GithubRef: master
GithubSha1: a85e748390c17c752cc0ba961120d1e784fb1956

Package: rCharts
Source: github
Version: 0.4.5
Hash: 47e2c0658806888bbb860c780d537751a40f57ea
Requires: plyr, RCurl, RJSONIO, whisker, yaml
GithubRepo: rCharts
GithubUsername: ramnathv
GithubRef: master
GithubSha1: 47e2c0658806888bbb860c780d537751a40f57ea

Package: RColorBrewer
Source: CRAN
Version: 1.0-5
Hash: 6a849b729bec970204ca88b96906adbc

Package: Rcpp
Source: CRAN
Version: 0.11.2
Hash: ef2b1a5e45d1461bd720e4ebbe48e601

Package: RCurl
Source: CRAN
Version: 1.95-4.1
Hash: 42aee7966014fa536adf90df9d5c00cc
Requires: bitops

Package: reshape2
Source: CRAN
Version: 1.4
Hash: b210925e978fd52ad5eb0822a353e7ce
Requires: plyr, Rcpp, stringr

Package: RJSONIO
Source: CRAN
Version: 1.2-0.2
Hash: f4aea783dfb279b89a0d735727fb46c5

Package: rPlotter
Source: github
Version: 0.0.7
Hash: ea6c614f7d88d74d9a1a492e8e73e910296f3ef6
Requires: dichromat, EBImage, ggplot2, rblocks, reshape2, stringr
GithubRepo: rPlotter
GithubUsername: woobe
GithubRef: master
GithubSha1: ea6c614f7d88d74d9a1a492e8e73e910296f3ef6

Package: sandwich
Source: CRAN
Version: 2.3-0
Hash: de0e1ff0390c1888c7984fe698608ced
Requires: zoo

Package: scales
Source: CRAN
Version: 0.2.4
Hash: b8b1af97bd07818605223060386b00dd
Requires: dichromat, labeling, munsell, plyr, RColorBrewer

Package: sp
Source: CRAN
Version: 1.0-15
Hash: ccab055c2835c81a8add23517d8b6219

Package: SparseM
Source: CRAN
Version: 1.03
Hash: f57f6ecac99b0d94d8f9d97ada22df93

Package: stringr
Source: CRAN
Version: 0.6.2
Hash: cdde0cfa0f52cffeaca23a11a3899779

Package: testthat
Source: CRAN
Version: 0.8.1
Hash: f296283e62e2ff299efa01e26cfc3eb1
Requires: digest

Package: TH.data
Source: CRAN
Version: 1.0-3
Hash: 2ca64b7e908cd3fc518d512ae134c327

Package: tiff
Source: CRAN
Version: 0.1-5
Hash: bff6221f2ff93a5e6ddaf4314f97251a

Package: TTR
Source: CRAN
Version: 0.22-0
Hash: b799be4cd72523b6b81692ba52194b94
Requires: xts

Package: whisker
Source: CRAN
Version: 0.3-2
Hash: 186ab2937fec1694c8a63009a2389c4e

Package: xts
Source: CRAN
Version: 0.9-7
Hash: bbb3e80498bf1938b91302693c7926b2
Requires: zoo

Package: yaml
Source: CRAN
Version: 2.1.13
Hash: e5d041c001f6d641fd009c1f6ef7d831

Package: zoo
Source: CRAN
Version: 1.7-11
Hash: a412b124ff249b078d9cd870de913c90
